
Microsoft Visual Studio Solution File, Format Version 12.00
# Visual Studio Version 16
VisualStudioVersion = 16.0.31005.135
MinimumVisualStudioVersion = 10.0.40219.1
Project("{8BC9CEB8-8B4A-11D0-8D11-00A0C91BC942}") = "whiteBeltApp", "whiteBeltApp\whiteBeltApp.vcxproj", "{250DF798-89A1-4AB2-A92B-95ACDD1382FE}"
EndProject
Global
	GlobalSection(SolutionConfigurationPlatforms) = preSolution
		Debug|x64 = Debug|x64
		Debug|x86 = Debug|x86
		Release|x64 = Release|x64
		Release|x86 = Release|x86
	EndGlobalSection
	GlobalSection(ProjectConfigurationPlatforms) = postSolution
		{250DF798-89A1-4AB2-A92B-95ACDD1382FE}.Debug|x64.ActiveCfg = Debug|x64
		{250DF798-89A1-4AB2-A92B-95ACDD1382FE}.Debug|x64.Build.0 = Debug|x64
		{250DF798-89A1-4AB2-A92B-95ACDD1382FE}.Debug|x86.ActiveCfg = Debug|Win32
		{250DF798-89A1-4AB2-A92B-95ACDD1382FE}.Debug|x86.Build.0 = Debug|Win32
		{250DF798-89A1-4AB2-A92B-95ACDD1382FE}.Release|x64.ActiveCfg = Release|x64
		{250DF798-89A1-4AB2-A92B-95ACDD1382FE}.Release|x64.Build.0 = Release|x64
		{250DF798-89A1-4AB2-A92B-95ACDD1382FE}.Release|x86.ActiveCfg = Release|Win32
		{250DF798-89A1-4AB2-A92B-95ACDD1382FE}.Release|x86.Build.0 = Release|Win32
	EndGlobalSection
	GlobalSection(SolutionProperties) = preSolution
		HideSolutionNode = FALSE
	EndGlobalSection
	GlobalSection(ExtensibilityGlobals) = postSolution
		SolutionGuid = {E2C74FE9-FA64-43A7-B276-B0E920B289BE}
	EndGlobalSection
EndGlobal
